PODS:
  - Alloy (0.10.0):
    - Alloy/Core (= 0.10.0)
  - Alloy/Core (0.10.0)

DEPENDENCIES:
  - Alloy

SPEC REPOS:
  https://github.com/cocoapods/specs.git:
    - Alloy

SPEC CHECKSUMS:
  Alloy: e10f7986f368ef362e4d86e03bb88cbf2513663c

PODFILE CHECKSUM: 7ba46821b4d2f873296ce0d7fd13700bd3633e28

COCOAPODS: 1.6.1
