// !$*UTF8*$!
{
	archiveVersion = 1;
	classes = {
	};
	objectVersion = 50;
	objects = {

/* Begin PBXBuildFile section */
		819140B1EF5574F6293704CD /* Pods_MetalCoreGraphics.framework in Frameworks */ = {isa = PBXBuildFile; fileRef = A05FE4AC709B389125BDB86F /* Pods_MetalCoreGraphics.framework */; };
		935E378D222DBC51000FA6D2 /* AppDelegate.swift in Sources */ = {isa = PBXBuildFile; fileRef = 935E378C222DBC51000FA6D2 /* AppDelegate.swift */; };
		935E378F222DBC51000FA6D2 /* ViewController.swift in Sources */ = {isa = PBXBuildFile; fileRef = 935E378E222DBC51000FA6D2 /* ViewController.swift */; };
		935E3792222DBC51000FA6D2 /* Main.storyboard in Resources */ = {isa = PBXBuildFile; fileRef = 935E3790222DBC51000FA6D2 /* Main.storyboard */; };
		935E3794222DBC53000FA6D2 /* Assets.xcassets in Resources */ = {isa = PBXBuildFile; fileRef = 935E3793222DBC53000FA6D2 /* Assets.xcassets */; };
		935E3797222DBC53000FA6D2 /* LaunchScreen.storyboard in Resources */ = {isa = PBXBuildFile; fileRef = 935E3795222DBC53000FA6D2 /* LaunchScreen.storyboard */; };
/* End PBXBuildFile section */

/* Begin PBXFileReference section */
		0123ED607377DDD35F5E61DA /* Pods-MetalCoreGraphics.release.xcconfig */ = {isa = PBXFileReference; includeInIndex = 1; lastKnownFileType = text.xcconfig; name = "Pods-MetalCoreGraphics.release.xcconfig"; path = "Target Support Files/Pods-MetalCoreGraphics/Pods-MetalCoreGraphics.release.xcconfig"; sourceTree = "<group>"; };
		935E3789222DBC51000FA6D2 /* MetalCoreGraphics.app */ = {isa = PBXFileReference; explicitFileType = wrapper.application; includeInIndex = 0; path = MetalCoreGraphics.app; sourceTree = BUILT_PRODUCTS_DIR; };
		935E378C222DBC51000FA6D2 /* AppDelegate.swift */ = {isa = PBXFileReference; lastKnownFileType = sourcecode.swift; path = AppDelegate.swift; sourceTree = "<group>"; };
		935E378E222DBC51000FA6D2 /* ViewController.swift */ = {isa = PBXFileReference; lastKnownFileType = sourcecode.swift; path = ViewController.swift; sourceTree = "<group>"; };
		935E3791222DBC51000FA6D2 /* Base */ = {isa = PBXFileReference; lastKnownFileType = file.storyboard; name = Base; path = Base.lproj/Main.storyboard; sourceTree = "<group>"; };
		935E3793222DBC53000FA6D2 /* Assets.xcassets */ = {isa = PBXFileReference; lastKnownFileType = folder.assetcatalog; path = Assets.xcassets; sourceTree = "<group>"; };
		935E3796222DBC53000FA6D2 /* Base */ = {isa = PBXFileReference; lastKnownFileType = file.storyboard; name = Base; path = Base.lproj/LaunchScreen.storyboard; sourceTree = "<group>"; };
		935E3798222DBC53000FA6D2 /* Info.plist */ = {isa = PBXFileReference; lastKnownFileType = text.plist.xml; path = Info.plist; sourceTree = "<group>"; };
		A05FE4AC709B389125BDB86F /* Pods_MetalCoreGraphics.framework */ = {isa = PBXFileReference; explicitFileType = wrapper.framework; includeInIndex = 0; path = Pods_MetalCoreGraphics.framework; sourceTree = BUILT_PRODUCTS_DIR; };
		EEDDCB6333B005170B061CE5 /* Pods-MetalCoreGraphics.debug.xcconfig */ = {isa = PBXFileReference; includeInIndex = 1; lastKnownFileType = text.xcconfig; name = "Pods-MetalCoreGraphics.debug.xcconfig"; path = "Target Support Files/Pods-MetalCoreGraphics/Pods-MetalCoreGraphics.debug.xcconfig"; sourceTree = "<group>"; };
/* End PBXFileReference section */

/* Begin PBXFrameworksBuildPhase section */
		935E3786222DBC51000FA6D2 /* Frameworks */ = {
			isa = PBXFrameworksBuildPhase;
			buildActionMask = 2147483647;
			files = (
				819140B1EF5574F6293704CD /* Pods_MetalCoreGraphics.framework in Frameworks */,
			);
			runOnlyForDeploymentPostprocessing = 0;
		};
/* End PBXFrameworksBuildPhase section */

/* Begin PBXGroup section */
		4DFEFCF1E0460230EC2A94B0 /* Frameworks */ = {
			isa = PBXGroup;
			children = (
				A05FE4AC709B389125BDB86F /* Pods_MetalCoreGraphics.framework */,
			);
			name = Frameworks;
			sourceTree = "<group>";
		};
		935E3780222DBC51000FA6D2 = {
			isa = PBXGroup;
			children = (
				935E378B222DBC51000FA6D2 /* MetalCoreGraphics */,
				935E378A222DBC51000FA6D2 /* Products */,
				E264680D26C94BC11CA5A93F /* Pods */,
				4DFEFCF1E0460230EC2A94B0 /* Frameworks */,
			);
			sourceTree = "<group>";
		};
		935E378A222DBC51000FA6D2 /* Products */ = {
			isa = PBXGroup;
			children = (
				935E3789222DBC51000FA6D2 /* MetalCoreGraphics.app */,
			);
			name = Products;
			sourceTree = "<group>";
		};
		935E378B222DBC51000FA6D2 /* MetalCoreGraphics */ = {
			isa = PBXGroup;
			children = (
				935E378C222DBC51000FA6D2 /* AppDelegate.swift */,
				935E378E222DBC51000FA6D2 /* ViewController.swift */,
				935E3790222DBC51000FA6D2 /* Main.storyboard */,
				935E3793222DBC53000FA6D2 /* Assets.xcassets */,
				935E3795222DBC53000FA6D2 /* LaunchScreen.storyboard */,
				935E3798222DBC53000FA6D2 /* Info.plist */,
			);
			path = MetalCoreGraphics;
			sourceTree = "<group>";
		};
		E264680D26C94BC11CA5A93F /* Pods */ = {
			isa = PBXGroup;
			children = (
				EEDDCB6333B005170B061CE5 /* Pods-MetalCoreGraphics.debug.xcconfig */,
				0123ED607377DDD35F5E61DA /* Pods-MetalCoreGraphics.release.xcconfig */,
			);
			name = Pods;
			path = Pods;
			sourceTree = "<group>";
		};
/* End PBXGroup section */

/* Begin PBXNativeTarget section */
		935E3788222DBC51000FA6D2 /* MetalCoreGraphics */ = {
			isa = PBXNativeTarget;
			buildConfigurationList = 935E379B222DBC53000FA6D2 /* Build configuration list for PBXNativeTarget "MetalCoreGraphics" */;
			buildPhases = (
				2097837DAC5728A265874C51 /* [CP] Check Pods Manifest.lock */,
				935E3785222DBC51000FA6D2 /* Sources */,
				935E3786222DBC51000FA6D2 /* Frameworks */,
				935E3787222DBC51000FA6D2 /* Resources */,
				5E08483FFB501E059297CC0C /* [CP] Embed Pods Frameworks */,
			);
			buildRules = (
			);
			dependencies = (
			);
			name = MetalCoreGraphics;
			productName = MetalCoreGraphics;
			productReference = 935E3789222DBC51000FA6D2 /* MetalCoreGraphics.app */;
			productType = "com.apple.product-type.application";
		};
/* End PBXNativeTarget section */

/* Begin PBXProject section */
		935E3781222DBC51000FA6D2 /* Project object */ = {
			isa = PBXProject;
			attributes = {
				LastSwiftUpdateCheck = 1020;
				LastUpgradeCheck = 1020;
				ORGANIZATIONNAME = "Andrey Volodin";
				TargetAttributes = {
					935E3788222DBC51000FA6D2 = {
						CreatedOnToolsVersion = 10.2;
					};
				};
			};
			buildConfigurationList = 935E3784222DBC51000FA6D2 /* Build configuration list for PBXProject "MetalCoreGraphics" */;
			compatibilityVersion = "Xcode 9.3";
			developmentRegion = en;
			hasScannedForEncodings = 0;
			knownRegions = (
				en,
				Base,
			);
			mainGroup = 935E3780222DBC51000FA6D2;
			productRefGroup = 935E378A222DBC51000FA6D2 /* Products */;
			projectDirPath = "";
			projectRoot = "";
			targets = (
				935E3788222DBC51000FA6D2 /* MetalCoreGraphics */,
			);
		};
/* End PBXProject section */

/* Begin PBXResourcesBuildPhase section */
		935E3787222DBC51000FA6D2 /* Resources */ = {
			isa = PBXResourcesBuildPhase;
			buildActionMask = 2147483647;
			files = (
				935E3797222DBC53000FA6D2 /* LaunchScreen.storyboard in Resources */,
				935E3794222DBC53000FA6D2 /* Assets.xcassets in Resources */,
				935E3792222DBC51000FA6D2 /* Main.storyboard in Resources */,
			);
			runOnlyForDeploymentPostprocessing = 0;
		};
/* End PBXResourcesBuildPhase section */

/* Begin PBXShellScriptBuildPhase section */
		2097837DAC5728A265874C51 /* [CP] Check Pods Manifest.lock */ = {
			isa = PBXShellScriptBuildPhase;
			buildActionMask = 2147483647;
			files = (
			);
			inputFileListPaths = (
			);
			inputPaths = (
				"${PODS_PODFILE_DIR_PATH}/Podfile.lock",
				"${PODS_ROOT}/Manifest.lock",
			);
			name = "[CP] Check Pods Manifest.lock";
			outputFileListPaths = (
			);
			outputPaths = (
				"$(DERIVED_FILE_DIR)/Pods-MetalCoreGraphics-checkManifestLockResult.txt",
			);
			runOnlyForDeploymentPostprocessing = 0;
			shellPath = /bin/sh;
			shellScript = "diff \"${PODS_PODFILE_DIR_PATH}/Podfile.lock\" \"${PODS_ROOT}/Manifest.lock\" > /dev/null\nif [ $? != 0 ] ; then\n    # print error to STDERR\n    echo \"error: The sandbox is not in sync with the Podfile.lock. Run 'pod install' or update your CocoaPods installation.\" >&2\n    exit 1\nfi\n# This output is used by Xcode 'outputs' to avoid re-running this script phase.\necho \"SUCCESS\" > \"${SCRIPT_OUTPUT_FILE_0}\"\n";
			showEnvVarsInLog = 0;
		};
		5E08483FFB501E059297CC0C /* [CP] Embed Pods Frameworks */ = {
			isa = PBXShellScriptBuildPhase;
			buildActionMask = 2147483647;
			files = (
			);
			inputFileListPaths = (
			);
			inputPaths = (
				"${PODS_ROOT}/Target Support Files/Pods-MetalCoreGraphics/Pods-MetalCoreGraphics-frameworks.sh",
				"${BUILT_PRODUCTS_DIR}/Alloy/Alloy.framework",
			);
			name = "[CP] Embed Pods Frameworks";
			outputFileListPaths = (
			);
			outputPaths = (
				"${TARGET_BUILD_DIR}/${FRAMEWORKS_FOLDER_PATH}/Alloy.framework",
			);
			runOnlyForDeploymentPostprocessing = 0;
			shellPath = /bin/sh;
			shellScript = "\"${PODS_ROOT}/Target Support Files/Pods-MetalCoreGraphics/Pods-MetalCoreGraphics-frameworks.sh\"\n";
			showEnvVarsInLog = 0;
		};
/* End PBXShellScriptBuildPhase section */

/* Begin PBXSourcesBuildPhase section */
		935E3785222DBC51000FA6D2 /* Sources */ = {
			isa = PBXSourcesBuildPhase;
			buildActionMask = 2147483647;
			files = (
				935E378F222DBC51000FA6D2 /* ViewController.swift in Sources */,
				935E378D222DBC51000FA6D2 /* AppDelegate.swift in Sources */,
			);
			runOnlyForDeploymentPostprocessing = 0;
		};
/* End PBXSourcesBuildPhase section */

/* Begin PBXVariantGroup section */
		935E3790222DBC51000FA6D2 /* Main.storyboard */ = {
			isa = PBXVariantGroup;
			children = (
				935E3791222DBC51000FA6D2 /* Base */,
			);
			name = Main.storyboard;
			sourceTree = "<group>";
		};
		935E3795222DBC53000FA6D2 /* LaunchScreen.storyboard */ = {
			isa = PBXVariantGroup;
			children = (
				935E3796222DBC53000FA6D2 /* Base */,
			);
			name = LaunchScreen.storyboard;
			sourceTree = "<group>";
		};
/* End PBXVariantGroup section */

/* Begin XCBuildConfiguration section */
		935E3799222DBC53000FA6D2 /* Debug */ = {
			isa = XCBuildConfiguration;
			buildSettings = {
				ALWAYS_SEARCH_USER_PATHS = NO;
				CLANG_ANALYZER_NONNULL = YES;
				CLANG_ANALYZER_NUMBER_OBJECT_CONVERSION = YES_AGGRESSIVE;
				CLANG_CXX_LANGUAGE_STANDARD = "gnu++14";
				CLANG_CXX_LIBRARY = "libc++";
				CLANG_ENABLE_MODULES = YES;
				CLANG_ENABLE_OBJC_ARC = YES;
				CLANG_ENABLE_OBJC_WEAK = YES;
				CLANG_WARN_BLOCK_CAPTURE_AUTORELEASING = YES;
				CLANG_WARN_BOOL_CONVERSION = YES;
				CLANG_WARN_COMMA = YES;
				CLANG_WARN_CONSTANT_CONVERSION = YES;
				CLANG_WARN_DEPRECATED_OBJC_IMPLEMENTATIONS = YES;
				CLANG_WARN_DIRECT_OBJC_ISA_USAGE = YES_ERROR;
				CLANG_WARN_DOCUMENTATION_COMMENTS = YES;
				CLANG_WARN_EMPTY_BODY = YES;
				CLANG_WARN_ENUM_CONVERSION = YES;
				CLANG_WARN_INFINITE_RECURSION = YES;
				CLANG_WARN_INT_CONVERSION = YES;
				CLANG_WARN_NON_LITERAL_NULL_CONVERSION = YES;
				CLANG_WARN_OBJC_IMPLICIT_RETAIN_SELF = YES;
				CLANG_WARN_OBJC_LITERAL_CONVERSION = YES;
				CLANG_WARN_OBJC_ROOT_CLASS = YES_ERROR;
				CLANG_WARN_RANGE_LOOP_ANALYSIS = YES;
				CLANG_WARN_STRICT_PROTOTYPES = YES;
				CLANG_WARN_SUSPICIOUS_MOVE = YES;
				CLANG_WARN_UNGUARDED_AVAILABILITY = YES_AGGRESSIVE;
				CLANG_WARN_UNREACHABLE_CODE = YES;
				CLANG_WARN__DUPLICATE_METHOD_MATCH = YES;
				CODE_SIGN_IDENTITY = "iPhone Developer";
				COPY_PHASE_STRIP = NO;
				DEBUG_INFORMATION_FORMAT = dwarf;
				ENABLE_STRICT_OBJC_MSGSEND = YES;
				ENABLE_TESTABILITY = YES;
				GCC_C_LANGUAGE_STANDARD = gnu11;
				GCC_DYNAMIC_NO_PIC = NO;
				GCC_NO_COMMON_BLOCKS = YES;
				GCC_OPTIMIZATION_LEVEL = 0;
				GCC_PREPROCESSOR_DEFINITIONS = (
					"DEBUG=1",
					"$(inherited)",
				);
				GCC_WARN_64_TO_32_BIT_CONVERSION = YES;
				GCC_WARN_ABOUT_RETURN_TYPE = YES_ERROR;
				GCC_WARN_UNDECLARED_SELECTOR = YES;
				GCC_WARN_UNINITIALIZED_AUTOS = YES_AGGRESSIVE;
				GCC_WARN_UNUSED_FUNCTION = YES;
				GCC_WARN_UNUSED_VARIABLE = YES;
				IPHONEOS_DEPLOYMENT_TARGET = 12.2;
				MTL_ENABLE_DEBUG_INFO = INCLUDE_SOURCE;
				MTL_FAST_MATH = YES;
				ONLY_ACTIVE_ARCH = YES;
				SDKROOT = iphoneos;
				SWIFT_ACTIVE_COMPILATION_CONDITIONS = DEBUG;
				SWIFT_OPTIMIZATION_LEVEL = "-Onone";
			};
			name = Debug;
		};
		935E379A222DBC53000FA6D2 /* Release */ = {
			isa = XCBuildConfiguration;
			buildSettings = {
				ALWAYS_SEARCH_USER_PATHS = NO;
				CLANG_ANALYZER_NONNULL = YES;
				CLANG_ANALYZER_NUMBER_OBJECT_CONVERSION = YES_AGGRESSIVE;
				CLANG_CXX_LANGUAGE_STANDARD = "gnu++14";
				CLANG_CXX_LIBRARY = "libc++";
				CLANG_ENABLE_MODULES = YES;
				CLANG_ENABLE_OBJC_ARC = YES;
				CLANG_ENABLE_OBJC_WEAK = YES;
				CLANG_WARN_BLOCK_CAPTURE_AUTORELEASING = YES;
				CLANG_WARN_BOOL_CONVERSION = YES;
				CLANG_WARN_COMMA = YES;
				CLANG_WARN_CONSTANT_CONVERSION = YES;
				CLANG_WARN_DEPRECATED_OBJC_IMPLEMENTATIONS = YES;
				CLANG_WARN_DIRECT_OBJC_ISA_USAGE = YES_ERROR;
				CLANG_WARN_DOCUMENTATION_COMMENTS = YES;
				CLANG_WARN_EMPTY_BODY = YES;
				CLANG_WARN_ENUM_CONVERSION = YES;
				CLANG_WARN_INFINITE_RECURSION = YES;
				CLANG_WARN_INT_CONVERSION = YES;
				CLANG_WARN_NON_LITERAL_NULL_CONVERSION = YES;
				CLANG_WARN_OBJC_IMPLICIT_RETAIN_SELF = YES;
				CLANG_WARN_OBJC_LITERAL_CONVERSION = YES;
				CLANG_WARN_OBJC_ROOT_CLASS = YES_ERROR;
				CLANG_WARN_RANGE_LOOP_ANALYSIS = YES;
				CLANG_WARN_STRICT_PROTOTYPES = YES;
				CLANG_WARN_SUSPICIOUS_MOVE = YES;
				CLANG_WARN_UNGUARDED_AVAILABILITY = YES_AGGRESSIVE;
				CLANG_WARN_UNREACHABLE_CODE = YES;
				CLANG_WARN__DUPLICATE_METHOD_MATCH = YES;
				CODE_SIGN_IDENTITY = "iPhone Developer";
				COPY_PHASE_STRIP = NO;
				DEBUG_INFORMATION_FORMAT = "dwarf-with-dsym";
				ENABLE_NS_ASSERTIONS = NO;
				ENABLE_STRICT_OBJC_MSGSEND = YES;
				GCC_C_LANGUAGE_STANDARD = gnu11;
				GCC_NO_COMMON_BLOCKS = YES;
				GCC_WARN_64_TO_32_BIT_CONVERSION = YES;
				GCC_WARN_ABOUT_RETURN_TYPE = YES_ERROR;
				GCC_WARN_UNDECLARED_SELECTOR = YES;
				GCC_WARN_UNINITIALIZED_AUTOS = YES_AGGRESSIVE;
				GCC_WARN_UNUSED_FUNCTION = YES;
				GCC_WARN_UNUSED_VARIABLE = YES;
				IPHONEOS_DEPLOYMENT_TARGET = 12.2;
				MTL_ENABLE_DEBUG_INFO = NO;
				MTL_FAST_MATH = YES;
				SDKROOT = iphoneos;
				SWIFT_COMPILATION_MODE = wholemodule;
				SWIFT_OPTIMIZATION_LEVEL = "-O";
				VALIDATE_PRODUCT = YES;
			};
			name = Release;
		};
		935E379C222DBC53000FA6D2 /* Debug */ = {
			isa = XCBuildConfiguration;
			baseConfigurationReference = EEDDCB6333B005170B061CE5 /* Pods-MetalCoreGraphics.debug.xcconfig */;
			buildSettings = {
				ASSETCATALOG_COMPILER_APPICON_NAME = AppIcon;
				CODE_SIGN_STYLE = Automatic;
				DEVELOPMENT_TEAM = PR6HV9J6AD;
				INFOPLIST_FILE = MetalCoreGraphics/Info.plist;
				IPHONEOS_DEPLOYMENT_TARGET = 12.0;
				LD_RUNPATH_SEARCH_PATHS = (
					"$(inherited)",
					"@executable_path/Frameworks",
				);
				PRODUCT_BUNDLE_IDENTIFIER = me.avolodin.MetalCoreGraphics;
				PRODUCT_NAME = "$(TARGET_NAME)";
				SWIFT_VERSION = 5.0;
				TARGETED_DEVICE_FAMILY = "1,2";
			};
			name = Debug;
		};
		935E379D222DBC53000FA6D2 /* Release */ = {
			isa = XCBuildConfiguration;
			baseConfigurationReference = 0123ED607377DDD35F5E61DA /* Pods-MetalCoreGraphics.release.xcconfig */;
			buildSettings = {
				ASSETCATALOG_COMPILER_APPICON_NAME = AppIcon;
				CODE_SIGN_STYLE = Automatic;
				DEVELOPMENT_TEAM = PR6HV9J6AD;
				INFOPLIST_FILE = MetalCoreGraphics/Info.plist;
				IPHONEOS_DEPLOYMENT_TARGET = 12.0;
				LD_RUNPATH_SEARCH_PATHS = (
					"$(inherited)",
					"@executable_path/Frameworks",
				);
				PRODUCT_BUNDLE_IDENTIFIER = me.avolodin.MetalCoreGraphics;
				PRODUCT_NAME = "$(TARGET_NAME)";
				SWIFT_VERSION = 5.0;
				TARGETED_DEVICE_FAMILY = "1,2";
			};
			name = Release;
		};
/* End XCBuildConfiguration section */

/* Begin XCConfigurationList section */
		935E3784222DBC51000FA6D2 /* Build configuration list for PBXProject "MetalCoreGraphics" */ = {
			isa = XCConfigurationList;
			buildConfigurations = (
				935E3799222DBC53000FA6D2 /* Debug */,
				935E379A222DBC53000FA6D2 /* Release */,
			);
			defaultConfigurationIsVisible = 0;
			defaultConfigurationName = Release;
		};
		935E379B222DBC53000FA6D2 /* Build configuration list for PBXNativeTarget "MetalCoreGraphics" */ = {
			isa = XCConfigurationList;
			buildConfigurations = (
				935E379C222DBC53000FA6D2 /* Debug */,
				935E379D222DBC53000FA6D2 /* Release */,
			);
			defaultConfigurationIsVisible = 0;
			defaultConfigurationName = Release;
		};
/* End XCConfigurationList section */
	};
	rootObject = 935E3781222DBC51000FA6D2 /* Project object */;
}
